{
  "name": "myproject_23_2",
  "version": "1.0.0",
  "lockfileVersion": 2,
  "requires": true,
  "packages": {
    "": {
      "name": "myproject_23_2",
      "version": "1.0.0",
      "license": "MIT",
      "devDependencies": {
        "custom_modules": "file:custom_modules"
      }
    },
    "custom_modules": {
      "version": "1.0.0",
      "dev": true,
      "license": "MIT"
    },
    "node_modules/custom_modules": {
      "resolved": "custom_modules",
      "link": true
    }
  },
  "dependencies": {
    "custom_modules": {
      "version": "file:custom_modules"
    }
  }
}
